
Microsoft Visual Studio Solution File, Format Version 12.00
# Visual Studio 15
VisualStudioVersion = 15.0.26206.0
MinimumVisualStudioVersion = 10.0.40219.1
Project("{9092AA53-FB77-4645-B42D-1CCCA6BD08BD}") = "task-chain", "task-chain\task-chain.njsproj", "{CC6FEE87-9CE2-4D57-AC0E-F3832FF4A0C1}"
EndProject
Project("{2150E333-8FDC-42A3-9474-1A3956D46DE8}") = "samples", "samples", "{3EC56101-536B-4EFE-BF15-0FB8F4F5F113}"
EndProject
Project("{9092AA53-FB77-4645-B42D-1CCCA6BD08BD}") = "sample01", "samples\sample01\sample01.njsproj", "{4FBC3CEF-2F91-4902-8720-4985A2E6746D}"
EndProject
Global
	GlobalSection(SolutionConfigurationPlatforms) = preSolution
		Debug|Any CPU = Debug|Any CPU
		Release|Any CPU = Release|Any CPU
	EndGlobalSection
	GlobalSection(ProjectConfigurationPlatforms) = postSolution
		{CC6FEE87-9CE2-4D57-AC0E-F3832FF4A0C1}.Debug|Any CPU.ActiveCfg = Debug|Any CPU
		{CC6FEE87-9CE2-4D57-AC0E-F3832FF4A0C1}.Debug|Any CPU.Build.0 = Debug|Any CPU
		{CC6FEE87-9CE2-4D57-AC0E-F3832FF4A0C1}.Release|Any CPU.ActiveCfg = Release|Any CPU
		{CC6FEE87-9CE2-4D57-AC0E-F3832FF4A0C1}.Release|Any CPU.Build.0 = Release|Any CPU
		{4FBC3CEF-2F91-4902-8720-4985A2E6746D}.Debug|Any CPU.ActiveCfg = Debug|Any CPU
		{4FBC3CEF-2F91-4902-8720-4985A2E6746D}.Debug|Any CPU.Build.0 = Debug|Any CPU
		{4FBC3CEF-2F91-4902-8720-4985A2E6746D}.Release|Any CPU.ActiveCfg = Release|Any CPU
		{4FBC3CEF-2F91-4902-8720-4985A2E6746D}.Release|Any CPU.Build.0 = Release|Any CPU
	EndGlobalSection
	GlobalSection(SolutionProperties) = preSolution
		HideSolutionNode = FALSE
	EndGlobalSection
	GlobalSection(NestedProjects) = preSolution
		{4FBC3CEF-2F91-4902-8720-4985A2E6746D} = {3EC56101-536B-4EFE-BF15-0FB8F4F5F113}
	EndGlobalSection
EndGlobal
